
Microsoft Visual Studio Solution File, Format Version 12.00
# Visual Studio Version 16
VisualStudioVersion = 16.0.29806.167
MinimumVisualStudioVersion = 10.0.40219.1
Project("{9A19103F-16F7-4668-BE54-9A1E7A4F7556}") = "Benchmarks", "Benchmarks\Benchmarks.csproj", "{32E53332-78D1-48CD-B185-3982A2DF0ABF}"
EndProject
Project("{2150E333-8FDC-42A3-9474-1A3956D46DE8}") = "Solution Items", "Solution Items", "{A6B4E7A1-67A3-426B-B580-088572AE7545}"
	ProjectSection(SolutionItems) = preProject
		Benchmarks.bat = Benchmarks.bat
	EndProjectSection
EndProject
Project("{9A19103F-16F7-4668-BE54-9A1E7A4F7556}") = "Profiling", "Profiling\Profiling.csproj", "{2BB01D9C-6C61-426D-B1B4-C83F7C6420FE}"
EndProject
Project("{9A19103F-16F7-4668-BE54-9A1E7A4F7556}") = "Tests", "Tests\Tests.csproj", "{2508BFD0-D38D-4DAE-BB9E-B5B43B73E15B}"
EndProject
Global
	GlobalSection(SolutionConfigurationPlatforms) = preSolution
		Debug|Any CPU = Debug|Any CPU
		Release|Any CPU = Release|Any CPU
	EndGlobalSection
	GlobalSection(ProjectConfigurationPlatforms) = postSolution
		{32E53332-78D1-48CD-B185-3982A2DF0ABF}.Debug|Any CPU.ActiveCfg = Debug|Any CPU
		{32E53332-78D1-48CD-B185-3982A2DF0ABF}.Debug|Any CPU.Build.0 = Debug|Any CPU
		{32E53332-78D1-48CD-B185-3982A2DF0ABF}.Release|Any CPU.ActiveCfg = Release|Any CPU
		{32E53332-78D1-48CD-B185-3982A2DF0ABF}.Release|Any CPU.Build.0 = Release|Any CPU
		{2BB01D9C-6C61-426D-B1B4-C83F7C6420FE}.Debug|Any CPU.ActiveCfg = Debug|Any CPU
		{2BB01D9C-6C61-426D-B1B4-C83F7C6420FE}.Debug|Any CPU.Build.0 = Debug|Any CPU
		{2BB01D9C-6C61-426D-B1B4-C83F7C6420FE}.Release|Any CPU.ActiveCfg = Release|Any CPU
		{2BB01D9C-6C61-426D-B1B4-C83F7C6420FE}.Release|Any CPU.Build.0 = Release|Any CPU
		{2508BFD0-D38D-4DAE-BB9E-B5B43B73E15B}.Debug|Any CPU.ActiveCfg = Debug|Any CPU
		{2508BFD0-D38D-4DAE-BB9E-B5B43B73E15B}.Debug|Any CPU.Build.0 = Debug|Any CPU
		{2508BFD0-D38D-4DAE-BB9E-B5B43B73E15B}.Release|Any CPU.ActiveCfg = Release|Any CPU
		{2508BFD0-D38D-4DAE-BB9E-B5B43B73E15B}.Release|Any CPU.Build.0 = Release|Any CPU
	EndGlobalSection
	GlobalSection(SolutionProperties) = preSolution
		HideSolutionNode = FALSE
	EndGlobalSection
	GlobalSection(ExtensibilityGlobals) = postSolution
		SolutionGuid = {8C04EE7B-E053-403F-9AF4-13030672E505}
	EndGlobalSection
EndGlobal
